
Microsoft Visual Studio Solution File, Format Version 12.00
Project("{FAE04EC0-301F-11D3-BF4B-00C04F79EFBC}") = "Lab 6", "Lab 6\Lab 6.csproj", "{86AEE1F3-7BDA-4137-A605-05B5CFD87876}"
EndProject
Global
	GlobalSection(SolutionConfigurationPlatforms) = preSolution
		Debug|Any CPU = Debug|Any CPU
		Release|Any CPU = Release|Any CPU
	EndGlobalSection
	GlobalSection(ProjectConfigurationPlatforms) = postSolution
		{86AEE1F3-7BDA-4137-A605-05B5CFD87876}.Debug|Any CPU.ActiveCfg = Debug|Any CPU
		{86AEE1F3-7BDA-4137-A605-05B5CFD87876}.Debug|Any CPU.Build.0 = Debug|Any CPU
		{86AEE1F3-7BDA-4137-A605-05B5CFD87876}.Release|Any CPU.ActiveCfg = Release|Any CPU
		{86AEE1F3-7BDA-4137-A605-05B5CFD87876}.Release|Any CPU.Build.0 = Release|Any CPU
	EndGlobalSection
EndGlobal
